// !$*UTF8*$!
{
	archiveVersion = 1;
	classes = {
	};
	objectVersion = 48;
	objects = {

/* Begin PBXBuildFile section */
		B787352E206AE0B2002188BE /* AppDelegate.swift in Sources */ = {isa = PBXBuildFile; fileRef = B787352D206AE0B2002188BE /* AppDelegate.swift */; };
		B7873533206AE0B3002188BE /* Main.storyboard in Resources */ = {isa = PBXBuildFile; fileRef = B7873531206AE0B3002188BE /* Main.storyboard */; };
		B7873535206AE0B3002188BE /* Assets.xcassets in Resources */ = {isa = PBXBuildFile; fileRef = B7873534206AE0B3002188BE /* Assets.xcassets */; };
		B7873538206AE0B3002188BE /* LaunchScreen.storyboard in Resources */ = {isa = PBXBuildFile; fileRef = B7873536206AE0B3002188BE /* LaunchScreen.storyboard */; };
		B7873540206AE204002188BE /* DogBreedScreen.swift in Sources */ = {isa = PBXBuildFile; fileRef = B787353F206AE204002188BE /* DogBreedScreen.swift */; };
		B7873542206AE7C4002188BE /* BreedCell.swift in Sources */ = {isa = PBXBuildFile; fileRef = B7873541206AE7C4002188BE /* BreedCell.swift */; };
		B7873544206AE8B3002188BE /* Breed.swift in Sources */ = {isa = PBXBuildFile; fileRef = B7873543206AE8B3002188BE /* Breed.swift */; };
		B7873546206B6CBF002188BE /* Image.swift in Sources */ = {isa = PBXBuildFile; fileRef = B7873545206B6CBF002188BE /* Image.swift */; };
/* End PBXBuildFile section */

/* Begin PBXFileReference section */
		B787352A206AE0B2002188BE /* DAÜG.app */ = {isa = PBXFileReference; explicitFileType = wrapper.application; includeInIndex = 0; path = "DAÜG.app"; sourceTree = BUILT_PRODUCTS_DIR; };
		B787352D206AE0B2002188BE /* AppDelegate.swift */ = {isa = PBXFileReference; lastKnownFileType = sourcecode.swift; path = AppDelegate.swift; sourceTree = "<group>"; };
		B7873532206AE0B3002188BE /* Base */ = {isa = PBXFileReference; lastKnownFileType = file.storyboard; name = Base; path = Base.lproj/Main.storyboard; sourceTree = "<group>"; };
		B7873534206AE0B3002188BE /* Assets.xcassets */ = {isa = PBXFileReference; lastKnownFileType = folder.assetcatalog; path = Assets.xcassets; sourceTree = "<group>"; };
		B7873537206AE0B3002188BE /* Base */ = {isa = PBXFileReference; lastKnownFileType = file.storyboard; name = Base; path = Base.lproj/LaunchScreen.storyboard; sourceTree = "<group>"; };
		B7873539206AE0B3002188BE /* Info.plist */ = {isa = PBXFileReference; lastKnownFileType = text.plist.xml; path = Info.plist; sourceTree = "<group>"; };
		B787353F206AE204002188BE /* DogBreedScreen.swift */ = {isa = PBXFileReference; lastKnownFileType = sourcecode.swift; path = DogBreedScreen.swift; sourceTree = "<group>"; };
		B7873541206AE7C4002188BE /* BreedCell.swift */ = {isa = PBXFileReference; lastKnownFileType = sourcecode.swift; path = BreedCell.swift; sourceTree = "<group>"; };
		B7873543206AE8B3002188BE /* Breed.swift */ = {isa = PBXFileReference; lastKnownFileType = sourcecode.swift; path = Breed.swift; sourceTree = "<group>"; };
		B7873545206B6CBF002188BE /* Image.swift */ = {isa = PBXFileReference; lastKnownFileType = sourcecode.swift; path = Image.swift; sourceTree = "<group>"; };
/* End PBXFileReference section */

/* Begin PBXFrameworksBuildPhase section */
		B7873527206AE0B2002188BE /* Frameworks */ = {
			isa = PBXFrameworksBuildPhase;
			buildActionMask = 2147483647;
			files = (
			);
			runOnlyForDeploymentPostprocessing = 0;
		};
/* End PBXFrameworksBuildPhase section */

/* Begin PBXGroup section */
		B7873521206AE0B2002188BE = {
			isa = PBXGroup;
			children = (
				B787352C206AE0B2002188BE /* DAÜG */,
				B787352B206AE0B2002188BE /* Products */,
			);
			sourceTree = "<group>";
		};
		B787352B206AE0B2002188BE /* Products */ = {
			isa = PBXGroup;
			children = (
				B787352A206AE0B2002188BE /* DAÜG.app */,
			);
			name = Products;
			sourceTree = "<group>";
		};
		B787352C206AE0B2002188BE /* DAÜG */ = {
			isa = PBXGroup;
			children = (
				B787352D206AE0B2002188BE /* AppDelegate.swift */,
				B787353F206AE204002188BE /* DogBreedScreen.swift */,
				B7873531206AE0B3002188BE /* Main.storyboard */,
				B7873541206AE7C4002188BE /* BreedCell.swift */,
				B7873543206AE8B3002188BE /* Breed.swift */,
				B7873545206B6CBF002188BE /* Image.swift */,
				B7873534206AE0B3002188BE /* Assets.xcassets */,
				B7873536206AE0B3002188BE /* LaunchScreen.storyboard */,
				B7873539206AE0B3002188BE /* Info.plist */,
			);
			path = "DAÜG";
			sourceTree = "<group>";
		};
/* End PBXGroup section */

/* Begin PBXNativeTarget section */
		B7873529206AE0B2002188BE /* DAÜG */ = {
			isa = PBXNativeTarget;
			buildConfigurationList = B787353C206AE0B3002188BE /* Build configuration list for PBXNativeTarget "DAÜG" */;
			buildPhases = (
				B7873526206AE0B2002188BE /* Sources */,
				B7873527206AE0B2002188BE /* Frameworks */,
				B7873528206AE0B2002188BE /* Resources */,
			);
			buildRules = (
			);
			dependencies = (
			);
			name = "DAÜG";
			productName = "DAÜG";
			productReference = B787352A206AE0B2002188BE /* DAÜG.app */;
			productType = "com.apple.product-type.application";
		};
/* End PBXNativeTarget section */

/* Begin PBXProject section */
		B7873522206AE0B2002188BE /* Project object */ = {
			isa = PBXProject;
			attributes = {
				LastSwiftUpdateCheck = 0920;
				LastUpgradeCheck = 0920;
				ORGANIZATIONNAME = Marshmallow;
				TargetAttributes = {
					B7873529206AE0B2002188BE = {
						CreatedOnToolsVersion = 9.2;
						ProvisioningStyle = Automatic;
					};
				};
			};
			buildConfigurationList = B7873525206AE0B2002188BE /* Build configuration list for PBXProject "DAÜG" */;
			compatibilityVersion = "Xcode 8.0";
			developmentRegion = en;
			hasScannedForEncodings = 0;
			knownRegions = (
				en,
				Base,
			);
			mainGroup = B7873521206AE0B2002188BE;
			productRefGroup = B787352B206AE0B2002188BE /* Products */;
			projectDirPath = "";
			projectRoot = "";
			targets = (
				B7873529206AE0B2002188BE /* DAÜG */,
			);
		};
/* End PBXProject section */

/* Begin PBXResourcesBuildPhase section */
		B7873528206AE0B2002188BE /* Resources */ = {
			isa = PBXResourcesBuildPhase;
			buildActionMask = 2147483647;
			files = (
				B7873538206AE0B3002188BE /* LaunchScreen.storyboard in Resources */,
				B7873535206AE0B3002188BE /* Assets.xcassets in Resources */,
				B7873533206AE0B3002188BE /* Main.storyboard in Resources */,
			);
			runOnlyForDeploymentPostprocessing = 0;
		};
/* End PBXResourcesBuildPhase section */

/* Begin PBXSourcesBuildPhase section */
		B7873526206AE0B2002188BE /* Sources */ = {
			isa = PBXSourcesBuildPhase;
			buildActionMask = 2147483647;
			files = (
				B7873544206AE8B3002188BE /* Breed.swift in Sources */,
				B7873542206AE7C4002188BE /* BreedCell.swift in Sources */,
				B787352E206AE0B2002188BE /* AppDelegate.swift in Sources */,
				B7873540206AE204002188BE /* DogBreedScreen.swift in Sources */,
				B7873546206B6CBF002188BE /* Image.swift in Sources */,
			);
			runOnlyForDeploymentPostprocessing = 0;
		};
/* End PBXSourcesBuildPhase section */

/* Begin PBXVariantGroup section */
		B7873531206AE0B3002188BE /* Main.storyboard */ = {
			isa = PBXVariantGroup;
			children = (
				B7873532206AE0B3002188BE /* Base */,
			);
			name = Main.storyboard;
			sourceTree = "<group>";
		};
		B7873536206AE0B3002188BE /* LaunchScreen.storyboard */ = {
			isa = PBXVariantGroup;
			children = (
				B7873537206AE0B3002188BE /* Base */,
			);
			name = LaunchScreen.storyboard;
			sourceTree = "<group>";
		};
/* End PBXVariantGroup section */

/* Begin XCBuildConfiguration section */
		B787353A206AE0B3002188BE /* Debug */ = {
			isa = XCBuildConfiguration;
			buildSettings = {
				ALWAYS_SEARCH_USER_PATHS = NO;
				CLANG_ANALYZER_NONNULL = YES;
				CLANG_ANALYZER_NUMBER_OBJECT_CONVERSION = YES_AGGRESSIVE;
				CLANG_CXX_LANGUAGE_STANDARD = "gnu++14";
				CLANG_CXX_LIBRARY = "libc++";
				CLANG_ENABLE_MODULES = YES;
				CLANG_ENABLE_OBJC_ARC = YES;
				CLANG_WARN_BLOCK_CAPTURE_AUTORELEASING = YES;
				CLANG_WARN_BOOL_CONVERSION = YES;
				CLANG_WARN_COMMA = YES;
				CLANG_WARN_CONSTANT_CONVERSION = YES;
				CLANG_WARN_DIRECT_OBJC_ISA_USAGE = YES_ERROR;
				CLANG_WARN_DOCUMENTATION_COMMENTS = YES;
				CLANG_WARN_EMPTY_BODY = YES;
				CLANG_WARN_ENUM_CONVERSION = YES;
				CLANG_WARN_INFINITE_RECURSION = YES;
				CLANG_WARN_INT_CONVERSION = YES;
				CLANG_WARN_NON_LITERAL_NULL_CONVERSION = YES;
				CLANG_WARN_OBJC_LITERAL_CONVERSION = YES;
				CLANG_WARN_OBJC_ROOT_CLASS = YES_ERROR;
				CLANG_WARN_RANGE_LOOP_ANALYSIS = YES;
				CLANG_WARN_STRICT_PROTOTYPES = YES;
				CLANG_WARN_SUSPICIOUS_MOVE = YES;
				CLANG_WARN_UNGUARDED_AVAILABILITY = YES_AGGRESSIVE;
				CLANG_WARN_UNREACHABLE_CODE = YES;
				CLANG_WARN__DUPLICATE_METHOD_MATCH = YES;
				CODE_SIGN_IDENTITY = "iPhone Developer";
				COPY_PHASE_STRIP = NO;
				DEBUG_INFORMATION_FORMAT = dwarf;
				ENABLE_STRICT_OBJC_MSGSEND = YES;
				ENABLE_TESTABILITY = YES;
				GCC_C_LANGUAGE_STANDARD = gnu11;
				GCC_DYNAMIC_NO_PIC = NO;
				GCC_NO_COMMON_BLOCKS = YES;
				GCC_OPTIMIZATION_LEVEL = 0;
				GCC_PREPROCESSOR_DEFINITIONS = (
					"DEBUG=1",
					"$(inherited)",
				);
				GCC_WARN_64_TO_32_BIT_CONVERSION = YES;
				GCC_WARN_ABOUT_RETURN_TYPE = YES_ERROR;
				GCC_WARN_UNDECLARED_SELECTOR = YES;
				GCC_WARN_UNINITIALIZED_AUTOS = YES_AGGRESSIVE;
				GCC_WARN_UNUSED_FUNCTION = YES;
				GCC_WARN_UNUSED_VARIABLE = YES;
				IPHONEOS_DEPLOYMENT_TARGET = 11.2;
				MTL_ENABLE_DEBUG_INFO = YES;
				ONLY_ACTIVE_ARCH = YES;
				SDKROOT = iphoneos;
				SWIFT_ACTIVE_COMPILATION_CONDITIONS = DEBUG;
				SWIFT_OPTIMIZATION_LEVEL = "-Onone";
			};
			name = Debug;
		};
		B787353B206AE0B3002188BE /* Release */ = {
			isa = XCBuildConfiguration;
			buildSettings = {
				ALWAYS_SEARCH_USER_PATHS = NO;
				CLANG_ANALYZER_NONNULL = YES;
				CLANG_ANALYZER_NUMBER_OBJECT_CONVERSION = YES_AGGRESSIVE;
				CLANG_CXX_LANGUAGE_STANDARD = "gnu++14";
				CLANG_CXX_LIBRARY = "libc++";
				CLANG_ENABLE_MODULES = YES;
				CLANG_ENABLE_OBJC_ARC = YES;
				CLANG_WARN_BLOCK_CAPTURE_AUTORELEASING = YES;
				CLANG_WARN_BOOL_CONVERSION = YES;
				CLANG_WARN_COMMA = YES;
				CLANG_WARN_CONSTANT_CONVERSION = YES;
				CLANG_WARN_DIRECT_OBJC_ISA_USAGE = YES_ERROR;
				CLANG_WARN_DOCUMENTATION_COMMENTS = YES;
				CLANG_WARN_EMPTY_BODY = YES;
				CLANG_WARN_ENUM_CONVERSION = YES;
				CLANG_WARN_INFINITE_RECURSION = YES;
				CLANG_WARN_INT_CONVERSION = YES;
				CLANG_WARN_NON_LITERAL_NULL_CONVERSION = YES;
				CLANG_WARN_OBJC_LITERAL_CONVERSION = YES;
				CLANG_WARN_OBJC_ROOT_CLASS = YES_ERROR;
				CLANG_WARN_RANGE_LOOP_ANALYSIS = YES;
				CLANG_WARN_STRICT_PROTOTYPES = YES;
				CLANG_WARN_SUSPICIOUS_MOVE = YES;
				CLANG_WARN_UNGUARDED_AVAILABILITY = YES_AGGRESSIVE;
				CLANG_WARN_UNREACHABLE_CODE = YES;
				CLANG_WARN__DUPLICATE_METHOD_MATCH = YES;
				CODE_SIGN_IDENTITY = "iPhone Developer";
				COPY_PHASE_STRIP = NO;
				DEBUG_INFORMATION_FORMAT = "dwarf-with-dsym";
				ENABLE_NS_ASSERTIONS = NO;
				ENABLE_STRICT_OBJC_MSGSEND = YES;
				GCC_C_LANGUAGE_STANDARD = gnu11;
				GCC_NO_COMMON_BLOCKS = YES;
				GCC_WARN_64_TO_32_BIT_CONVERSION = YES;
				GCC_WARN_ABOUT_RETURN_TYPE = YES_ERROR;
				GCC_WARN_UNDECLARED_SELECTOR = YES;
				GCC_WARN_UNINITIALIZED_AUTOS = YES_AGGRESSIVE;
				GCC_WARN_UNUSED_FUNCTION = YES;
				GCC_WARN_UNUSED_VARIABLE = YES;
				IPHONEOS_DEPLOYMENT_TARGET = 11.2;
				MTL_ENABLE_DEBUG_INFO = NO;
				SDKROOT = iphoneos;
				SWIFT_OPTIMIZATION_LEVEL = "-Owholemodule";
				VALIDATE_PRODUCT = YES;
			};
			name = Release;
		};
		B787353D206AE0B3002188BE /* Debug */ = {
			isa = XCBuildConfiguration;
			buildSettings = {
				ASSETCATALOG_COMPILER_APPICON_NAME = AppIcon;
				CODE_SIGN_STYLE = Automatic;
				DEVELOPMENT_TEAM = 4KK3B62TT6;
				INFOPLIST_FILE = "DAÜG/Info.plist";
				LD_RUNPATH_SEARCH_PATHS = "$(inherited) @executable_path/Frameworks";
				PRODUCT_BUNDLE_IDENTIFIER = "com.Marshmallow.DAU-G";
				PRODUCT_NAME = "$(TARGET_NAME)";
				SWIFT_VERSION = 4.0;
				TARGETED_DEVICE_FAMILY = "1,2";
			};
			name = Debug;
		};
		B787353E206AE0B3002188BE /* Release */ = {
			isa = XCBuildConfiguration;
			buildSettings = {
				ASSETCATALOG_COMPILER_APPICON_NAME = AppIcon;
				CODE_SIGN_STYLE = Automatic;
				DEVELOPMENT_TEAM = 4KK3B62TT6;
				INFOPLIST_FILE = "DAÜG/Info.plist";
				LD_RUNPATH_SEARCH_PATHS = "$(inherited) @executable_path/Frameworks";
				PRODUCT_BUNDLE_IDENTIFIER = "com.Marshmallow.DAU-G";
				PRODUCT_NAME = "$(TARGET_NAME)";
				SWIFT_VERSION = 4.0;
				TARGETED_DEVICE_FAMILY = "1,2";
			};
			name = Release;
		};
/* End XCBuildConfiguration section */

/* Begin XCConfigurationList section */
		B7873525206AE0B2002188BE /* Build configuration list for PBXProject "DAÜG" */ = {
			isa = XCConfigurationList;
			buildConfigurations = (
				B787353A206AE0B3002188BE /* Debug */,
				B787353B206AE0B3002188BE /* Release */,
			);
			defaultConfigurationIsVisible = 0;
			defaultConfigurationName = Release;
		};
		B787353C206AE0B3002188BE /* Build configuration list for PBXNativeTarget "DAÜG" */ = {
			isa = XCConfigurationList;
			buildConfigurations = (
				B787353D206AE0B3002188BE /* Debug */,
				B787353E206AE0B3002188BE /* Release */,
			);
			defaultConfigurationIsVisible = 0;
			defaultConfigurationName = Release;
		};
/* End XCConfigurationList section */
	};
	rootObject = B7873522206AE0B2002188BE /* Project object */;
}
